
Microsoft Visual Studio Solution File, Format Version 12.00
Project("{FAE04EC0-301F-11D3-BF4B-00C04F79EFBC}") = "pr-04-04", "pr-04-04.csproj", "{C16B3D84-4D65-4B75-8AF5-35FB302767AD}"
EndProject
Global
	GlobalSection(SolutionConfigurationPlatforms) = preSolution
		Debug|Any CPU = Debug|Any CPU
		Release|Any CPU = Release|Any CPU
	EndGlobalSection
	GlobalSection(ProjectConfigurationPlatforms) = postSolution
		{C16B3D84-4D65-4B75-8AF5-35FB302767AD}.Debug|Any CPU.ActiveCfg = Debug|Any CPU
		{C16B3D84-4D65-4B75-8AF5-35FB302767AD}.Debug|Any CPU.Build.0 = Debug|Any CPU
		{C16B3D84-4D65-4B75-8AF5-35FB302767AD}.Release|Any CPU.ActiveCfg = Release|Any CPU
		{C16B3D84-4D65-4B75-8AF5-35FB302767AD}.Release|Any CPU.Build.0 = Release|Any CPU
	EndGlobalSection
EndGlobal
