
Microsoft Visual Studio Solution File, Format Version 12.00
Project("{FAE04EC0-301F-11D3-BF4B-00C04F79EFBC}") = "pr-04-05", "pr-04-05.csproj", "{52A6733D-1DA0-48A2-B995-E2C914770FB0}"
EndProject
Global
	GlobalSection(SolutionConfigurationPlatforms) = preSolution
		Debug|Any CPU = Debug|Any CPU
		Release|Any CPU = Release|Any CPU
	EndGlobalSection
	GlobalSection(ProjectConfigurationPlatforms) = postSolution
		{52A6733D-1DA0-48A2-B995-E2C914770FB0}.Debug|Any CPU.ActiveCfg = Debug|Any CPU
		{52A6733D-1DA0-48A2-B995-E2C914770FB0}.Debug|Any CPU.Build.0 = Debug|Any CPU
		{52A6733D-1DA0-48A2-B995-E2C914770FB0}.Release|Any CPU.ActiveCfg = Release|Any CPU
		{52A6733D-1DA0-48A2-B995-E2C914770FB0}.Release|Any CPU.Build.0 = Release|Any CPU
	EndGlobalSection
EndGlobal
