
Microsoft Visual Studio Solution File, Format Version 12.00
Project("{FAE04EC0-301F-11D3-BF4B-00C04F79EFBC}") = "pr-02-03-01", "pr-02-03-01\pr-02-03-01.csproj", "{F54E8A15-70BB-4DC3-8C78-49EF3036665F}"
EndProject
Project("{FAE04EC0-301F-11D3-BF4B-00C04F79EFBC}") = "pr-02-03-02", "pr-02-03-02\pr-02-03-02.csproj", "{02D567E0-E5EF-45D8-82DF-8DF323B6E79A}"
EndProject
Global
	GlobalSection(SolutionConfigurationPlatforms) = preSolution
		Debug|Any CPU = Debug|Any CPU
		Release|Any CPU = Release|Any CPU
	EndGlobalSection
	GlobalSection(ProjectConfigurationPlatforms) = postSolution
		{F54E8A15-70BB-4DC3-8C78-49EF3036665F}.Debug|Any CPU.ActiveCfg = Debug|Any CPU
		{F54E8A15-70BB-4DC3-8C78-49EF3036665F}.Debug|Any CPU.Build.0 = Debug|Any CPU
		{F54E8A15-70BB-4DC3-8C78-49EF3036665F}.Release|Any CPU.ActiveCfg = Release|Any CPU
		{F54E8A15-70BB-4DC3-8C78-49EF3036665F}.Release|Any CPU.Build.0 = Release|Any CPU
		{02D567E0-E5EF-45D8-82DF-8DF323B6E79A}.Debug|Any CPU.ActiveCfg = Debug|Any CPU
		{02D567E0-E5EF-45D8-82DF-8DF323B6E79A}.Debug|Any CPU.Build.0 = Debug|Any CPU
		{02D567E0-E5EF-45D8-82DF-8DF323B6E79A}.Release|Any CPU.ActiveCfg = Release|Any CPU
		{02D567E0-E5EF-45D8-82DF-8DF323B6E79A}.Release|Any CPU.Build.0 = Release|Any CPU
	EndGlobalSection
EndGlobal
