
Microsoft Visual Studio Solution File, Format Version 12.00
Project("{FAE04EC0-301F-11D3-BF4B-00C04F79EFBC}") = "pr-05-01", "pr-05-01.csproj", "{C74E3B3A-102D-4184-B28A-418D6C80860C}"
EndProject
Global
	GlobalSection(SolutionConfigurationPlatforms) = preSolution
		Debug|Any CPU = Debug|Any CPU
		Release|Any CPU = Release|Any CPU
	EndGlobalSection
	GlobalSection(ProjectConfigurationPlatforms) = postSolution
		{C74E3B3A-102D-4184-B28A-418D6C80860C}.Debug|Any CPU.ActiveCfg = Debug|Any CPU
		{C74E3B3A-102D-4184-B28A-418D6C80860C}.Debug|Any CPU.Build.0 = Debug|Any CPU
		{C74E3B3A-102D-4184-B28A-418D6C80860C}.Release|Any CPU.ActiveCfg = Release|Any CPU
		{C74E3B3A-102D-4184-B28A-418D6C80860C}.Release|Any CPU.Build.0 = Release|Any CPU
	EndGlobalSection
EndGlobal
