
Microsoft Visual Studio Solution File, Format Version 12.00
# Visual Studio Version 16
VisualStudioVersion = 16.0.30611.23
MinimumVisualStudioVersion = 10.0.40219.1
Project("{FAE04EC0-301F-11D3-BF4B-00C04F79EFBC}") = "pr-11-01", "pr-11-01.csproj", "{3A4D5A82-90F5-4862-832A-A39D4EA49D97}"
EndProject
Global
	GlobalSection(SolutionConfigurationPlatforms) = preSolution
		Debug|Any CPU = Debug|Any CPU
		Release|Any CPU = Release|Any CPU
	EndGlobalSection
	GlobalSection(ProjectConfigurationPlatforms) = postSolution
		{3A4D5A82-90F5-4862-832A-A39D4EA49D97}.Debug|Any CPU.ActiveCfg = Debug|Any CPU
		{3A4D5A82-90F5-4862-832A-A39D4EA49D97}.Debug|Any CPU.Build.0 = Debug|Any CPU
		{3A4D5A82-90F5-4862-832A-A39D4EA49D97}.Release|Any CPU.ActiveCfg = Release|Any CPU
		{3A4D5A82-90F5-4862-832A-A39D4EA49D97}.Release|Any CPU.Build.0 = Release|Any CPU
	EndGlobalSection
	GlobalSection(SolutionProperties) = preSolution
		HideSolutionNode = FALSE
	EndGlobalSection
	GlobalSection(ExtensibilityGlobals) = postSolution
		SolutionGuid = {AB52951D-5C1C-4EE7-A2B4-4D36E15958E1}
	EndGlobalSection
EndGlobal
